
Microsoft Visual Studio Solution File, Format Version 12.00
# Visual Studio 15
VisualStudioVersion = 15.0.28307.329
MinimumVisualStudioVersion = 10.0.40219.1
Project("{FAE04EC0-301F-11D3-BF4B-00C04F79EFBC}") = "IntrinsicGenerator", "IntrinsicGenerator\IntrinsicGenerator.csproj", "{F07C514B-2F36-417F-852E-9C78666F91DE}"
EndProject
Global
	GlobalSection(SolutionConfigurationPlatforms) = preSolution
		Debug|Any CPU = Debug|Any CPU
		Release|Any CPU = Release|Any CPU
	EndGlobalSection
	GlobalSection(ProjectConfigurationPlatforms) = postSolution
		{F07C514B-2F36-417F-852E-9C78666F91DE}.Debug|Any CPU.ActiveCfg = Debug|Any CPU
		{F07C514B-2F36-417F-852E-9C78666F91DE}.Debug|Any CPU.Build.0 = Debug|Any CPU
		{F07C514B-2F36-417F-852E-9C78666F91DE}.Release|Any CPU.ActiveCfg = Release|Any CPU
		{F07C514B-2F36-417F-852E-9C78666F91DE}.Release|Any CPU.Build.0 = Release|Any CPU
	EndGlobalSection
	GlobalSection(SolutionProperties) = preSolution
		HideSolutionNode = FALSE
	EndGlobalSection
	GlobalSection(ExtensibilityGlobals) = postSolution
		SolutionGuid = {199D217D-A56B-438D-98C5-2B6C2660D597}
	EndGlobalSection
EndGlobal
