
Microsoft Visual Studio Solution File, Format Version 12.00
# Visual Studio 15
VisualStudioVersion = 15.0.28307.168
MinimumVisualStudioVersion = 10.0.40219.1
Project("{9A19103F-16F7-4668-BE54-9A1E7A4F7556}") = "StarkPlatform.CodeAnalysis", "compiler\StarkPlatform.CodeAnalysis\StarkPlatform.CodeAnalysis.csproj", "{5CFF3E05-A471-417D-9381-61705A1C0CCF}"
EndProject
Project("{9A19103F-16F7-4668-BE54-9A1E7A4F7556}") = "StarkPlatform.CodeAnalysis.Stark", "compiler\StarkPlatform.CodeAnalysis.Stark\StarkPlatform.CodeAnalysis.Stark.csproj", "{B9F7A257-A988-4664-B8A4-9B184FBB237E}"
EndProject
Project("{9A19103F-16F7-4668-BE54-9A1E7A4F7556}") = "starkc", "compiler\starkc\starkc.csproj", "{1AF7B8BC-53D8-4F0E-A8A5-AF55A3461500}"
EndProject
Project("{9A19103F-16F7-4668-BE54-9A1E7A4F7556}") = "StarkPlatform.CodeAnalysis.Workspaces", "compiler\StarkPlatform.CodeAnalysis.Workspaces\StarkPlatform.CodeAnalysis.Workspaces.csproj", "{0859F1CF-52E3-47CC-AA86-C3E3746ACE2B}"
EndProject
Project("{2150E333-8FDC-42A3-9474-1A3956D46DE8}") = "Compiler", "Compiler", "{794804E4-066A-41B2-9DB3-19697A543DBF}"
EndProject
Project("{2150E333-8FDC-42A3-9474-1A3956D46DE8}") = "Workspaces", "Workspaces", "{E37DA9C9-7E7F-4D34-BA14-6195A7BAFCB4}"
EndProject
Project("{9A19103F-16F7-4668-BE54-9A1E7A4F7556}") = "StarkPlatform.CodeAnalysis.Stark.Workspaces", "compiler\StarkPlatform.CodeAnalysis.Stark.Workspaces\StarkPlatform.CodeAnalysis.Stark.Workspaces.csproj", "{A77145E0-63A4-4AFB-BACD-0F3CDE60FD96}"
EndProject
Project("{2150E333-8FDC-42A3-9474-1A3956D46DE8}") = "Features", "Features", "{66ED5514-3BBA-434A-83F6-2E1B91775665}"
EndProject
Project("{9A19103F-16F7-4668-BE54-9A1E7A4F7556}") = "StarkPlatform.CodeAnalysis.Features", "compiler\StarkPlatform.CodeAnalysis.Features\StarkPlatform.CodeAnalysis.Features.csproj", "{8C8EC92E-A7D6-4ADD-BB68-3955A4C75BF4}"
EndProject
Project("{9A19103F-16F7-4668-BE54-9A1E7A4F7556}") = "StarkPlatform.CodeAnalysis.Stark.Features", "compiler\StarkPlatform.CodeAnalysis.Stark.Features\StarkPlatform.CodeAnalysis.Stark.Features.csproj", "{F179CBFA-46A5-45CF-A0E6-7BDC1B88FD10}"
EndProject
Project("{9A19103F-16F7-4668-BE54-9A1E7A4F7556}") = "CSharpSyntaxGenerator", "compiler\Tools\CSharpSyntaxGenerator\CSharpSyntaxGenerator.csproj", "{325CBD7A-04FD-4297-A50D-AB19E9967646}"
EndProject
Project("{9A19103F-16F7-4668-BE54-9A1E7A4F7556}") = "CompilersBoundTreeGenerator", "compiler\Tools\BoundTreeGenerator\CompilersBoundTreeGenerator.csproj", "{6FFE8CA7-350C-495C-AD5F-0F949633DD50}"
EndProject
Project("{9A19103F-16F7-4668-BE54-9A1E7A4F7556}") = "CSharpErrorFactsGenerator", "compiler\Tools\CSharpErrorFactsGenerator\CSharpErrorFactsGenerator.csproj", "{F1C45DCA-062F-43FE-BF55-383573683B30}"
EndProject
Project("{9A19103F-16F7-4668-BE54-9A1E7A4F7556}") = "StarkCompiler", "compiler\StarkCompiler\StarkCompiler.csproj", "{934CFB39-7D58-4118-9658-F70740938742}"
EndProject
Project("{2150E333-8FDC-42A3-9474-1A3956D46DE8}") = "VSCode", "VSCode", "{AE6914DF-1159-44EE-A5CF-95C7FD742528}"
EndProject
Project("{9A19103F-16F7-4668-BE54-9A1E7A4F7556}") = "StarkCompilerServer", "compiler\StarkCompilerServer\StarkCompilerServer.csproj", "{64137F91-71CE-443E-8792-47D77F6BFF24}"
EndProject
Project("{2150E333-8FDC-42A3-9474-1A3956D46DE8}") = "Build", "Build", "{28D92114-2D56-4761-97F3-9879FEEB9172}"
EndProject
Project("{9A19103F-16F7-4668-BE54-9A1E7A4F7556}") = "Ergon.Core", "compiler\Ergon.Core\Ergon.Core.csproj", "{402D8D88-3115-452F-8256-DCC5F5E23021}"
EndProject
Project("{9A19103F-16F7-4668-BE54-9A1E7A4F7556}") = "StarkPlatform.CodeAnalysis.Workspaces.Ergon", "compiler\StarkPlatform.CodeAnalysis.Workspaces.Ergon\StarkPlatform.CodeAnalysis.Workspaces.Ergon.csproj", "{DB0397F7-E09A-4C93-BEC3-688E36B8F005}"
EndProject
Project("{9A19103F-16F7-4668-BE54-9A1E7A4F7556}") = "System.Reflection.Stark.Metadata", "compiler\System.Reflection.Stark.Metadata\System.Reflection.Stark.Metadata.csproj", "{D141EC55-F3EF-4E3D-958A-BBED92981DFC}"
EndProject
Global
	GlobalSection(SolutionConfigurationPlatforms) = preSolution
		Debug|Any CPU = Debug|Any CPU
		Debug|x64 = Debug|x64
		Release|Any CPU = Release|Any CPU
		Release|x64 = Release|x64
	EndGlobalSection
	GlobalSection(ProjectConfigurationPlatforms) = postSolution
		{5CFF3E05-A471-417D-9381-61705A1C0CCF}.Debug|Any CPU.ActiveCfg = Debug|Any CPU
		{5CFF3E05-A471-417D-9381-61705A1C0CCF}.Debug|Any CPU.Build.0 = Debug|Any CPU
		{5CFF3E05-A471-417D-9381-61705A1C0CCF}.Debug|x64.ActiveCfg = Debug|Any CPU
		{5CFF3E05-A471-417D-9381-61705A1C0CCF}.Debug|x64.Build.0 = Debug|Any CPU
		{5CFF3E05-A471-417D-9381-61705A1C0CCF}.Release|Any CPU.ActiveCfg = Release|Any CPU
		{5CFF3E05-A471-417D-9381-61705A1C0CCF}.Release|Any CPU.Build.0 = Release|Any CPU
		{5CFF3E05-A471-417D-9381-61705A1C0CCF}.Release|x64.ActiveCfg = Release|Any CPU
		{5CFF3E05-A471-417D-9381-61705A1C0CCF}.Release|x64.Build.0 = Release|Any CPU
		{B9F7A257-A988-4664-B8A4-9B184FBB237E}.Debug|Any CPU.ActiveCfg = Debug|Any CPU
		{B9F7A257-A988-4664-B8A4-9B184FBB237E}.Debug|Any CPU.Build.0 = Debug|Any CPU
		{B9F7A257-A988-4664-B8A4-9B184FBB237E}.Debug|x64.ActiveCfg = Debug|Any CPU
		{B9F7A257-A988-4664-B8A4-9B184FBB237E}.Debug|x64.Build.0 = Debug|Any CPU
		{B9F7A257-A988-4664-B8A4-9B184FBB237E}.Release|Any CPU.ActiveCfg = Release|Any CPU
		{B9F7A257-A988-4664-B8A4-9B184FBB237E}.Release|Any CPU.Build.0 = Release|Any CPU
		{B9F7A257-A988-4664-B8A4-9B184FBB237E}.Release|x64.ActiveCfg = Release|Any CPU
		{B9F7A257-A988-4664-B8A4-9B184FBB237E}.Release|x64.Build.0 = Release|Any CPU
		{1AF7B8BC-53D8-4F0E-A8A5-AF55A3461500}.Debug|Any CPU.ActiveCfg = Debug|Any CPU
		{1AF7B8BC-53D8-4F0E-A8A5-AF55A3461500}.Debug|Any CPU.Build.0 = Debug|Any CPU
		{1AF7B8BC-53D8-4F0E-A8A5-AF55A3461500}.Debug|x64.ActiveCfg = Debug|Any CPU
		{1AF7B8BC-53D8-4F0E-A8A5-AF55A3461500}.Debug|x64.Build.0 = Debug|Any CPU
		{1AF7B8BC-53D8-4F0E-A8A5-AF55A3461500}.Release|Any CPU.ActiveCfg = Release|Any CPU
		{1AF7B8BC-53D8-4F0E-A8A5-AF55A3461500}.Release|Any CPU.Build.0 = Release|Any CPU
		{1AF7B8BC-53D8-4F0E-A8A5-AF55A3461500}.Release|x64.ActiveCfg = Release|Any CPU
		{1AF7B8BC-53D8-4F0E-A8A5-AF55A3461500}.Release|x64.Build.0 = Release|Any CPU
		{0859F1CF-52E3-47CC-AA86-C3E3746ACE2B}.Debug|Any CPU.ActiveCfg = Debug|Any CPU
		{0859F1CF-52E3-47CC-AA86-C3E3746ACE2B}.Debug|Any CPU.Build.0 = Debug|Any CPU
		{0859F1CF-52E3-47CC-AA86-C3E3746ACE2B}.Debug|x64.ActiveCfg = Debug|Any CPU
		{0859F1CF-52E3-47CC-AA86-C3E3746ACE2B}.Debug|x64.Build.0 = Debug|Any CPU
		{0859F1CF-52E3-47CC-AA86-C3E3746ACE2B}.Release|Any CPU.ActiveCfg = Release|Any CPU
		{0859F1CF-52E3-47CC-AA86-C3E3746ACE2B}.Release|Any CPU.Build.0 = Release|Any CPU
		{0859F1CF-52E3-47CC-AA86-C3E3746ACE2B}.Release|x64.ActiveCfg = Release|Any CPU
		{0859F1CF-52E3-47CC-AA86-C3E3746ACE2B}.Release|x64.Build.0 = Release|Any CPU
		{A77145E0-63A4-4AFB-BACD-0F3CDE60FD96}.Debug|Any CPU.ActiveCfg = Debug|Any CPU
		{A77145E0-63A4-4AFB-BACD-0F3CDE60FD96}.Debug|Any CPU.Build.0 = Debug|Any CPU
		{A77145E0-63A4-4AFB-BACD-0F3CDE60FD96}.Debug|x64.ActiveCfg = Debug|Any CPU
		{A77145E0-63A4-4AFB-BACD-0F3CDE60FD96}.Debug|x64.Build.0 = Debug|Any CPU
		{A77145E0-63A4-4AFB-BACD-0F3CDE60FD96}.Release|Any CPU.ActiveCfg = Release|Any CPU
		{A77145E0-63A4-4AFB-BACD-0F3CDE60FD96}.Release|Any CPU.Build.0 = Release|Any CPU
		{A77145E0-63A4-4AFB-BACD-0F3CDE60FD96}.Release|x64.ActiveCfg = Release|Any CPU
		{A77145E0-63A4-4AFB-BACD-0F3CDE60FD96}.Release|x64.Build.0 = Release|Any CPU
		{8C8EC92E-A7D6-4ADD-BB68-3955A4C75BF4}.Debug|Any CPU.ActiveCfg = Debug|Any CPU
		{8C8EC92E-A7D6-4ADD-BB68-3955A4C75BF4}.Debug|Any CPU.Build.0 = Debug|Any CPU
		{8C8EC92E-A7D6-4ADD-BB68-3955A4C75BF4}.Debug|x64.ActiveCfg = Debug|Any CPU
		{8C8EC92E-A7D6-4ADD-BB68-3955A4C75BF4}.Debug|x64.Build.0 = Debug|Any CPU
		{8C8EC92E-A7D6-4ADD-BB68-3955A4C75BF4}.Release|Any CPU.ActiveCfg = Release|Any CPU
		{8C8EC92E-A7D6-4ADD-BB68-3955A4C75BF4}.Release|Any CPU.Build.0 = Release|Any CPU
		{8C8EC92E-A7D6-4ADD-BB68-3955A4C75BF4}.Release|x64.ActiveCfg = Release|Any CPU
		{8C8EC92E-A7D6-4ADD-BB68-3955A4C75BF4}.Release|x64.Build.0 = Release|Any CPU
		{F179CBFA-46A5-45CF-A0E6-7BDC1B88FD10}.Debug|Any CPU.ActiveCfg = Debug|Any CPU
		{F179CBFA-46A5-45CF-A0E6-7BDC1B88FD10}.Debug|Any CPU.Build.0 = Debug|Any CPU
		{F179CBFA-46A5-45CF-A0E6-7BDC1B88FD10}.Debug|x64.ActiveCfg = Debug|Any CPU
		{F179CBFA-46A5-45CF-A0E6-7BDC1B88FD10}.Debug|x64.Build.0 = Debug|Any CPU
		{F179CBFA-46A5-45CF-A0E6-7BDC1B88FD10}.Release|Any CPU.ActiveCfg = Release|Any CPU
		{F179CBFA-46A5-45CF-A0E6-7BDC1B88FD10}.Release|Any CPU.Build.0 = Release|Any CPU
		{F179CBFA-46A5-45CF-A0E6-7BDC1B88FD10}.Release|x64.ActiveCfg = Release|Any CPU
		{F179CBFA-46A5-45CF-A0E6-7BDC1B88FD10}.Release|x64.Build.0 = Release|Any CPU
		{325CBD7A-04FD-4297-A50D-AB19E9967646}.Debug|Any CPU.ActiveCfg = Debug|x64
		{325CBD7A-04FD-4297-A50D-AB19E9967646}.Debug|Any CPU.Build.0 = Debug|x64
		{325CBD7A-04FD-4297-A50D-AB19E9967646}.Debug|x64.ActiveCfg = Debug|x64
		{325CBD7A-04FD-4297-A50D-AB19E9967646}.Debug|x64.Build.0 = Debug|x64
		{325CBD7A-04FD-4297-A50D-AB19E9967646}.Release|Any CPU.ActiveCfg = Release|x64
		{325CBD7A-04FD-4297-A50D-AB19E9967646}.Release|x64.ActiveCfg = Release|x64
		{325CBD7A-04FD-4297-A50D-AB19E9967646}.Release|x64.Build.0 = Release|x64
		{6FFE8CA7-350C-495C-AD5F-0F949633DD50}.Debug|Any CPU.ActiveCfg = Debug|x64
		{6FFE8CA7-350C-495C-AD5F-0F949633DD50}.Debug|Any CPU.Build.0 = Debug|x64
		{6FFE8CA7-350C-495C-AD5F-0F949633DD50}.Debug|x64.ActiveCfg = Debug|x64
		{6FFE8CA7-350C-495C-AD5F-0F949633DD50}.Debug|x64.Build.0 = Debug|x64
		{6FFE8CA7-350C-495C-AD5F-0F949633DD50}.Release|Any CPU.ActiveCfg = Release|x64
		{6FFE8CA7-350C-495C-AD5F-0F949633DD50}.Release|x64.ActiveCfg = Release|x64
		{6FFE8CA7-350C-495C-AD5F-0F949633DD50}.Release|x64.Build.0 = Release|x64
		{F1C45DCA-062F-43FE-BF55-383573683B30}.Debug|Any CPU.ActiveCfg = Debug|x64
		{F1C45DCA-062F-43FE-BF55-383573683B30}.Debug|Any CPU.Build.0 = Debug|x64
		{F1C45DCA-062F-43FE-BF55-383573683B30}.Debug|x64.ActiveCfg = Debug|x64
		{F1C45DCA-062F-43FE-BF55-383573683B30}.Debug|x64.Build.0 = Debug|x64
		{F1C45DCA-062F-43FE-BF55-383573683B30}.Release|Any CPU.ActiveCfg = Release|x64
		{F1C45DCA-062F-43FE-BF55-383573683B30}.Release|x64.ActiveCfg = Release|x64
		{F1C45DCA-062F-43FE-BF55-383573683B30}.Release|x64.Build.0 = Release|x64
		{934CFB39-7D58-4118-9658-F70740938742}.Debug|Any CPU.ActiveCfg = Debug|Any CPU
		{934CFB39-7D58-4118-9658-F70740938742}.Debug|Any CPU.Build.0 = Debug|Any CPU
		{934CFB39-7D58-4118-9658-F70740938742}.Debug|x64.ActiveCfg = Debug|Any CPU
		{934CFB39-7D58-4118-9658-F70740938742}.Debug|x64.Build.0 = Debug|Any CPU
		{934CFB39-7D58-4118-9658-F70740938742}.Release|Any CPU.ActiveCfg = Release|Any CPU
		{934CFB39-7D58-4118-9658-F70740938742}.Release|Any CPU.Build.0 = Release|Any CPU
		{934CFB39-7D58-4118-9658-F70740938742}.Release|x64.ActiveCfg = Release|Any CPU
		{934CFB39-7D58-4118-9658-F70740938742}.Release|x64.Build.0 = Release|Any CPU
		{64137F91-71CE-443E-8792-47D77F6BFF24}.Debug|Any CPU.ActiveCfg = Debug|Any CPU
		{64137F91-71CE-443E-8792-47D77F6BFF24}.Debug|x64.ActiveCfg = Debug|Any CPU
		{64137F91-71CE-443E-8792-47D77F6BFF24}.Debug|x64.Build.0 = Debug|Any CPU
		{64137F91-71CE-443E-8792-47D77F6BFF24}.Release|Any CPU.ActiveCfg = Release|Any CPU
		{64137F91-71CE-443E-8792-47D77F6BFF24}.Release|Any CPU.Build.0 = Release|Any CPU
		{64137F91-71CE-443E-8792-47D77F6BFF24}.Release|x64.ActiveCfg = Release|Any CPU
		{64137F91-71CE-443E-8792-47D77F6BFF24}.Release|x64.Build.0 = Release|Any CPU
		{402D8D88-3115-452F-8256-DCC5F5E23021}.Debug|Any CPU.ActiveCfg = Debug|Any CPU
		{402D8D88-3115-452F-8256-DCC5F5E23021}.Debug|Any CPU.Build.0 = Debug|Any CPU
		{402D8D88-3115-452F-8256-DCC5F5E23021}.Debug|x64.ActiveCfg = Debug|Any CPU
		{402D8D88-3115-452F-8256-DCC5F5E23021}.Debug|x64.Build.0 = Debug|Any CPU
		{402D8D88-3115-452F-8256-DCC5F5E23021}.Release|Any CPU.ActiveCfg = Release|Any CPU
		{402D8D88-3115-452F-8256-DCC5F5E23021}.Release|Any CPU.Build.0 = Release|Any CPU
		{402D8D88-3115-452F-8256-DCC5F5E23021}.Release|x64.ActiveCfg = Release|Any CPU
		{402D8D88-3115-452F-8256-DCC5F5E23021}.Release|x64.Build.0 = Release|Any CPU
		{DB0397F7-E09A-4C93-BEC3-688E36B8F005}.Debug|Any CPU.ActiveCfg = Debug|Any CPU
		{DB0397F7-E09A-4C93-BEC3-688E36B8F005}.Debug|Any CPU.Build.0 = Debug|Any CPU
		{DB0397F7-E09A-4C93-BEC3-688E36B8F005}.Debug|x64.ActiveCfg = Debug|Any CPU
		{DB0397F7-E09A-4C93-BEC3-688E36B8F005}.Debug|x64.Build.0 = Debug|Any CPU
		{DB0397F7-E09A-4C93-BEC3-688E36B8F005}.Release|Any CPU.ActiveCfg = Release|Any CPU
		{DB0397F7-E09A-4C93-BEC3-688E36B8F005}.Release|Any CPU.Build.0 = Release|Any CPU
		{DB0397F7-E09A-4C93-BEC3-688E36B8F005}.Release|x64.ActiveCfg = Release|Any CPU
		{DB0397F7-E09A-4C93-BEC3-688E36B8F005}.Release|x64.Build.0 = Release|Any CPU
		{D141EC55-F3EF-4E3D-958A-BBED92981DFC}.Debug|Any CPU.ActiveCfg = Debug|Any CPU
		{D141EC55-F3EF-4E3D-958A-BBED92981DFC}.Debug|Any CPU.Build.0 = Debug|Any CPU
		{D141EC55-F3EF-4E3D-958A-BBED92981DFC}.Debug|x64.ActiveCfg = Debug|Any CPU
		{D141EC55-F3EF-4E3D-958A-BBED92981DFC}.Debug|x64.Build.0 = Debug|Any CPU
		{D141EC55-F3EF-4E3D-958A-BBED92981DFC}.Release|Any CPU.ActiveCfg = Release|Any CPU
		{D141EC55-F3EF-4E3D-958A-BBED92981DFC}.Release|Any CPU.Build.0 = Release|Any CPU
		{D141EC55-F3EF-4E3D-958A-BBED92981DFC}.Release|x64.ActiveCfg = Release|Any CPU
		{D141EC55-F3EF-4E3D-958A-BBED92981DFC}.Release|x64.Build.0 = Release|Any CPU
	EndGlobalSection
	GlobalSection(SolutionProperties) = preSolution
		HideSolutionNode = FALSE
	EndGlobalSection
	GlobalSection(NestedProjects) = preSolution
		{5CFF3E05-A471-417D-9381-61705A1C0CCF} = {794804E4-066A-41B2-9DB3-19697A543DBF}
		{B9F7A257-A988-4664-B8A4-9B184FBB237E} = {794804E4-066A-41B2-9DB3-19697A543DBF}
		{1AF7B8BC-53D8-4F0E-A8A5-AF55A3461500} = {794804E4-066A-41B2-9DB3-19697A543DBF}
		{0859F1CF-52E3-47CC-AA86-C3E3746ACE2B} = {E37DA9C9-7E7F-4D34-BA14-6195A7BAFCB4}
		{A77145E0-63A4-4AFB-BACD-0F3CDE60FD96} = {E37DA9C9-7E7F-4D34-BA14-6195A7BAFCB4}
		{8C8EC92E-A7D6-4ADD-BB68-3955A4C75BF4} = {66ED5514-3BBA-434A-83F6-2E1B91775665}
		{F179CBFA-46A5-45CF-A0E6-7BDC1B88FD10} = {66ED5514-3BBA-434A-83F6-2E1B91775665}
		{325CBD7A-04FD-4297-A50D-AB19E9967646} = {794804E4-066A-41B2-9DB3-19697A543DBF}
		{6FFE8CA7-350C-495C-AD5F-0F949633DD50} = {794804E4-066A-41B2-9DB3-19697A543DBF}
		{F1C45DCA-062F-43FE-BF55-383573683B30} = {794804E4-066A-41B2-9DB3-19697A543DBF}
		{934CFB39-7D58-4118-9658-F70740938742} = {794804E4-066A-41B2-9DB3-19697A543DBF}
		{64137F91-71CE-443E-8792-47D77F6BFF24} = {AE6914DF-1159-44EE-A5CF-95C7FD742528}
		{402D8D88-3115-452F-8256-DCC5F5E23021} = {28D92114-2D56-4761-97F3-9879FEEB9172}
		{DB0397F7-E09A-4C93-BEC3-688E36B8F005} = {E37DA9C9-7E7F-4D34-BA14-6195A7BAFCB4}
		{D141EC55-F3EF-4E3D-958A-BBED92981DFC} = {794804E4-066A-41B2-9DB3-19697A543DBF}
	EndGlobalSection
	GlobalSection(ExtensibilityGlobals) = postSolution
		SolutionGuid = {6F0C65F3-D314-4BAC-AB89-0354B047F79C}
	EndGlobalSection
EndGlobal
